
Microsoft Visual Studio Solution File, Format Version 12.00
# Visual Studio Version 17
VisualStudioVersion = 17.5.002.0
MinimumVisualStudioVersion = 10.0.40219.1
Project("{9A19103F-16F7-4668-BE54-9A1E7A4F7556}") = "VehicleAPI", "VehicleAPI.csproj", "{08FB0A46-E89E-48DF-AFA9-A36ED4978CA7}"
EndProject
Global
	GlobalSection(SolutionConfigurationPlatforms) = preSolution
		Debug|Any CPU = Debug|Any CPU
		Release|Any CPU = Release|Any CPU
	EndGlobalSection
	GlobalSection(ProjectConfigurationPlatforms) = postSolution
		{08FB0A46-E89E-48DF-AFA9-A36ED4978CA7}.Debug|Any CPU.ActiveCfg = Debug|Any CPU
		{08FB0A46-E89E-48DF-AFA9-A36ED4978CA7}.Debug|Any CPU.Build.0 = Debug|Any CPU
		{08FB0A46-E89E-48DF-AFA9-A36ED4978CA7}.Release|Any CPU.ActiveCfg = Release|Any CPU
		{08FB0A46-E89E-48DF-AFA9-A36ED4978CA7}.Release|Any CPU.Build.0 = Release|Any CPU
	EndGlobalSection
	GlobalSection(SolutionProperties) = preSolution
		HideSolutionNode = FALSE
	EndGlobalSection
	GlobalSection(ExtensibilityGlobals) = postSolution
		SolutionGuid = {6FFCAD6E-32A2-4ED4-BA98-5DC3B33AC747}
	EndGlobalSection
EndGlobal
